// !$*UTF8*$!
{
	archiveVersion = 1;
	classes = {
	};
	objectVersion = 46;
	objects = {

/* Begin PBXBuildFile section */
		0095C5D81F22F10B001CB8AD /* SilhouetteView.swift in Sources */ = {isa = PBXBuildFile; fileRef = 0095C5D71F22F10B001CB8AD /* SilhouetteView.swift */; };
		0095C5DD1F22F1A0001CB8AD /* Silhouette.saver in CopyFiles */ = {isa = PBXBuildFile; fileRef = 0095C5C71F22F08E001CB8AD /* Silhouette.saver */; };
		0095C5E51F22F2B7001CB8AD /* AppDelegate.swift in Sources */ = {isa = PBXBuildFile; fileRef = 0095C5E41F22F2B7001CB8AD /* AppDelegate.swift */; };
		0095C5F21F22F2FE001CB8AD /* MainMenu.xib in Resources */ = {isa = PBXBuildFile; fileRef = 0095C5F11F22F2FE001CB8AD /* MainMenu.xib */; };
		0095C5F81F22FA7D001CB8AD /* html in Resources */ = {isa = PBXBuildFile; fileRef = 0095C5F71F22FA7D001CB8AD /* html */; };
		0095C5FA1F22FFCC001CB8AD /* SilhouetteController.swift in Sources */ = {isa = PBXBuildFile; fileRef = 0095C5F91F22FFCC001CB8AD /* SilhouetteController.swift */; };
		0095C5FE1F230438001CB8AD /* ConfigureSheetController.swift in Sources */ = {isa = PBXBuildFile; fileRef = 0095C5FC1F230438001CB8AD /* ConfigureSheetController.swift */; };
		0095C5FF1F230438001CB8AD /* ConfigureSheet.xib in Resources */ = {isa = PBXBuildFile; fileRef = 0095C5FD1F230438001CB8AD /* ConfigureSheet.xib */; };
		0095C6031F239817001CB8AD /* thumbnail.png in Resources */ = {isa = PBXBuildFile; fileRef = 0095C6011F239817001CB8AD /* thumbnail.png */; };
		0095C6041F239817001CB8AD /* thumbnail@2x.png in Resources */ = {isa = PBXBuildFile; fileRef = 0095C6021F239817001CB8AD /* thumbnail@2x.png */; };
/* End PBXBuildFile section */

/* Begin PBXContainerItemProxy section */
		0095C5F31F22F372001CB8AD /* PBXContainerItemProxy */ = {
			isa = PBXContainerItemProxy;
			containerPortal = 0095C5BE1F22F08E001CB8AD /* Project object */;
			proxyType = 1;
			remoteGlobalIDString = 0095C5C61F22F08E001CB8AD;
			remoteInfo = Silhouette;
		};
/* End PBXContainerItemProxy section */

/* Begin PBXCopyFilesBuildPhase section */
		0095C5DC1F22F194001CB8AD /* CopyFiles */ = {
			isa = PBXCopyFilesBuildPhase;
			buildActionMask = 2147483647;
			dstPath = "~/Library/Screen Savers";
			dstSubfolderSpec = 0;
			files = (
				0095C5DD1F22F1A0001CB8AD /* Silhouette.saver in CopyFiles */,
			);
			runOnlyForDeploymentPostprocessing = 0;
		};
/* End PBXCopyFilesBuildPhase section */

/* Begin PBXFileReference section */
		0095C5C71F22F08E001CB8AD /* Silhouette.saver */ = {isa = PBXFileReference; explicitFileType = wrapper.cfbundle; includeInIndex = 0; path = Silhouette.saver; sourceTree = BUILT_PRODUCTS_DIR; };
		0095C5CE1F22F08E001CB8AD /* Info.plist */ = {isa = PBXFileReference; lastKnownFileType = text.plist.xml; path = Info.plist; sourceTree = "<group>"; };
		0095C5D71F22F10B001CB8AD /* SilhouetteView.swift */ = {isa = PBXFileReference; fileEncoding = 4; lastKnownFileType = sourcecode.swift; path = SilhouetteView.swift; sourceTree = "<group>"; };
		0095C5E21F22F2B7001CB8AD /* Runner.app */ = {isa = PBXFileReference; explicitFileType = wrapper.application; includeInIndex = 0; path = Runner.app; sourceTree = BUILT_PRODUCTS_DIR; };
		0095C5E41F22F2B7001CB8AD /* AppDelegate.swift */ = {isa = PBXFileReference; lastKnownFileType = sourcecode.swift; path = AppDelegate.swift; sourceTree = "<group>"; };
		0095C5ED1F22F2B7001CB8AD /* Info.plist */ = {isa = PBXFileReference; lastKnownFileType = text.plist.xml; path = Info.plist; sourceTree = "<group>"; };
		0095C5F11F22F2FE001CB8AD /* MainMenu.xib */ = {isa = PBXFileReference; fileEncoding = 4; lastKnownFileType = file.xib; path = MainMenu.xib; sourceTree = "<group>"; };
		0095C5F71F22FA7D001CB8AD /* html */ = {isa = PBXFileReference; lastKnownFileType = folder; path = html; sourceTree = "<group>"; };
		0095C5F91F22FFCC001CB8AD /* SilhouetteController.swift */ = {isa = PBXFileReference; fileEncoding = 4; lastKnownFileType = sourcecode.swift; path = SilhouetteController.swift; sourceTree = "<group>"; };
		0095C5FC1F230438001CB8AD /* ConfigureSheetController.swift */ = {isa = PBXFileReference; fileEncoding = 4; lastKnownFileType = sourcecode.swift; path = ConfigureSheetController.swift; sourceTree = "<group>"; };
		0095C5FD1F230438001CB8AD /* ConfigureSheet.xib */ = {isa = PBXFileReference; fileEncoding = 4; lastKnownFileType = file.xib; path = ConfigureSheet.xib; sourceTree = "<group>"; };
		0095C6011F239817001CB8AD /* thumbnail.png */ = {isa = PBXFileReference; lastKnownFileType = image.png; path = thumbnail.png; sourceTree = "<group>"; };
		0095C6021F239817001CB8AD /* thumbnail@2x.png */ = {isa = PBXFileReference; lastKnownFileType = image.png; path = "thumbnail@2x.png"; sourceTree = "<group>"; };
/* End PBXFileReference section */

/* Begin PBXFrameworksBuildPhase section */
		0095C5C31F22F08E001CB8AD /* Frameworks */ = {
			isa = PBXFrameworksBuildPhase;
			buildActionMask = 2147483647;
			files = (
			);
			runOnlyForDeploymentPostprocessing = 0;
		};
		0095C5DF1F22F2B7001CB8AD /* Frameworks */ = {
			isa = PBXFrameworksBuildPhase;
			buildActionMask = 2147483647;
			files = (
			);
			runOnlyForDeploymentPostprocessing = 0;
		};
/* End PBXFrameworksBuildPhase section */

/* Begin PBXGroup section */
		0095C5BD1F22F08E001CB8AD = {
			isa = PBXGroup;
			children = (
				0095C5E31F22F2B7001CB8AD /* Runner */,
				0095C5C91F22F08E001CB8AD /* Silhouette */,
				0095C5C81F22F08E001CB8AD /* Products */,
			);
			sourceTree = "<group>";
		};
		0095C5C81F22F08E001CB8AD /* Products */ = {
			isa = PBXGroup;
			children = (
				0095C5C71F22F08E001CB8AD /* Silhouette.saver */,
				0095C5E21F22F2B7001CB8AD /* Runner.app */,
			);
			name = Products;
			sourceTree = "<group>";
		};
		0095C5C91F22F08E001CB8AD /* Silhouette */ = {
			isa = PBXGroup;
			children = (
				0095C5FB1F22FFD2001CB8AD /* Controllers */,
				0095C5D61F22F0ED001CB8AD /* Resources */,
				0095C6001F236FFD001CB8AD /* UI */,
				0095C5D71F22F10B001CB8AD /* SilhouetteView.swift */,
			);
			path = Silhouette;
			sourceTree = "<group>";
		};
		0095C5D61F22F0ED001CB8AD /* Resources */ = {
			isa = PBXGroup;
			children = (
				0095C5F71F22FA7D001CB8AD /* html */,
				0095C5CE1F22F08E001CB8AD /* Info.plist */,
			);
			name = Resources;
			sourceTree = "<group>";
		};
		0095C5E31F22F2B7001CB8AD /* Runner */ = {
			isa = PBXGroup;
			children = (
				0095C5F51F22F98D001CB8AD /* Resources */,
				0095C5F61F22F99C001CB8AD /* UI */,
				0095C5E41F22F2B7001CB8AD /* AppDelegate.swift */,
			);
			path = Runner;
			sourceTree = "<group>";
		};
		0095C5F51F22F98D001CB8AD /* Resources */ = {
			isa = PBXGroup;
			children = (
				0095C5ED1F22F2B7001CB8AD /* Info.plist */,
			);
			name = Resources;
			sourceTree = "<group>";
		};
		0095C5F61F22F99C001CB8AD /* UI */ = {
			isa = PBXGroup;
			children = (
				0095C5F11F22F2FE001CB8AD /* MainMenu.xib */,
			);
			name = UI;
			sourceTree = "<group>";
		};
		0095C5FB1F22FFD2001CB8AD /* Controllers */ = {
			isa = PBXGroup;
			children = (
				0095C5FC1F230438001CB8AD /* ConfigureSheetController.swift */,
				0095C5F91F22FFCC001CB8AD /* SilhouetteController.swift */,
			);
			name = Controllers;
			sourceTree = "<group>";
		};
		0095C6001F236FFD001CB8AD /* UI */ = {
			isa = PBXGroup;
			children = (
				0095C5FD1F230438001CB8AD /* ConfigureSheet.xib */,
				0095C6011F239817001CB8AD /* thumbnail.png */,
				0095C6021F239817001CB8AD /* thumbnail@2x.png */,
			);
			name = UI;
			sourceTree = "<group>";
		};
/* End PBXGroup section */

/* Begin PBXHeadersBuildPhase section */
		0095C5C41F22F08E001CB8AD /* Headers */ = {
			isa = PBXHeadersBuildPhase;
			buildActionMask = 2147483647;
			files = (
			);
			runOnlyForDeploymentPostprocessing = 0;
		};
/* End PBXHeadersBuildPhase section */

/* Begin PBXNativeTarget section */
		0095C5C61F22F08E001CB8AD /* Silhouette */ = {
			isa = PBXNativeTarget;
			buildConfigurationList = 0095C5D11F22F08E001CB8AD /* Build configuration list for PBXNativeTarget "Silhouette" */;
			buildPhases = (
				0095C5C21F22F08E001CB8AD /* Sources */,
				0095C5C31F22F08E001CB8AD /* Frameworks */,
				0095C5C41F22F08E001CB8AD /* Headers */,
				0095C5C51F22F08E001CB8AD /* Resources */,
				0095C5DC1F22F194001CB8AD /* CopyFiles */,
			);
			buildRules = (
			);
			dependencies = (
			);
			name = Silhouette;
			productName = Silhouette;
			productReference = 0095C5C71F22F08E001CB8AD /* Silhouette.saver */;
			productType = "com.apple.product-type.bundle";
		};
		0095C5E11F22F2B7001CB8AD /* Runner */ = {
			isa = PBXNativeTarget;
			buildConfigurationList = 0095C5F01F22F2B7001CB8AD /* Build configuration list for PBXNativeTarget "Runner" */;
			buildPhases = (
				0095C5DE1F22F2B7001CB8AD /* Sources */,
				0095C5DF1F22F2B7001CB8AD /* Frameworks */,
				0095C5E01F22F2B7001CB8AD /* Resources */,
			);
			buildRules = (
			);
			dependencies = (
				0095C5F41F22F372001CB8AD /* PBXTargetDependency */,
			);
			name = Runner;
			productName = Runner;
			productReference = 0095C5E21F22F2B7001CB8AD /* Runner.app */;
			productType = "com.apple.product-type.application";
		};
/* End PBXNativeTarget section */

/* Begin PBXProject section */
		0095C5BE1F22F08E001CB8AD /* Project object */ = {
			isa = PBXProject;
			attributes = {
				LastSwiftUpdateCheck = 0830;
				LastUpgradeCheck = 0830;
				ORGANIZATIONNAME = Burns5;
				TargetAttributes = {
					0095C5C61F22F08E001CB8AD = {
						CreatedOnToolsVersion = 8.3.3;
						LastSwiftMigration = 0830;
						ProvisioningStyle = Automatic;
					};
					0095C5E11F22F2B7001CB8AD = {
						CreatedOnToolsVersion = 8.3.3;
						ProvisioningStyle = Automatic;
					};
				};
			};
			buildConfigurationList = 0095C5C11F22F08E001CB8AD /* Build configuration list for PBXProject "Silhouette" */;
			compatibilityVersion = "Xcode 3.2";
			developmentRegion = English;
			hasScannedForEncodings = 0;
			knownRegions = (
				en,
				Base,
			);
			mainGroup = 0095C5BD1F22F08E001CB8AD;
			productRefGroup = 0095C5C81F22F08E001CB8AD /* Products */;
			projectDirPath = "";
			projectRoot = "";
			targets = (
				0095C5C61F22F08E001CB8AD /* Silhouette */,
				0095C5E11F22F2B7001CB8AD /* Runner */,
			);
		};
/* End PBXProject section */

/* Begin PBXResourcesBuildPhase section */
		0095C5C51F22F08E001CB8AD /* Resources */ = {
			isa = PBXResourcesBuildPhase;
			buildActionMask = 2147483647;
			files = (
				0095C5FF1F230438001CB8AD /* ConfigureSheet.xib in Resources */,
				0095C6041F239817001CB8AD /* thumbnail@2x.png in Resources */,
				0095C5F81F22FA7D001CB8AD /* html in Resources */,
				0095C6031F239817001CB8AD /* thumbnail.png in Resources */,
			);
			runOnlyForDeploymentPostprocessing = 0;
		};
		0095C5E01F22F2B7001CB8AD /* Resources */ = {
			isa = PBXResourcesBuildPhase;
			buildActionMask = 2147483647;
			files = (
				0095C5F21F22F2FE001CB8AD /* MainMenu.xib in Resources */,
			);
			runOnlyForDeploymentPostprocessing = 0;
		};
/* End PBXResourcesBuildPhase section */

/* Begin PBXSourcesBuildPhase section */
		0095C5C21F22F08E001CB8AD /* Sources */ = {
			isa = PBXSourcesBuildPhase;
			buildActionMask = 2147483647;
			files = (
				0095C5D81F22F10B001CB8AD /* SilhouetteView.swift in Sources */,
				0095C5FE1F230438001CB8AD /* ConfigureSheetController.swift in Sources */,
				0095C5FA1F22FFCC001CB8AD /* SilhouetteController.swift in Sources */,
			);
			runOnlyForDeploymentPostprocessing = 0;
		};
		0095C5DE1F22F2B7001CB8AD /* Sources */ = {
			isa = PBXSourcesBuildPhase;
			buildActionMask = 2147483647;
			files = (
				0095C5E51F22F2B7001CB8AD /* AppDelegate.swift in Sources */,
			);
			runOnlyForDeploymentPostprocessing = 0;
		};
/* End PBXSourcesBuildPhase section */

/* Begin PBXTargetDependency section */
		0095C5F41F22F372001CB8AD /* PBXTargetDependency */ = {
			isa = PBXTargetDependency;
			target = 0095C5C61F22F08E001CB8AD /* Silhouette */;
			targetProxy = 0095C5F31F22F372001CB8AD /* PBXContainerItemProxy */;
		};
/* End PBXTargetDependency section */

/* Begin XCBuildConfiguration section */
		0095C5CF1F22F08E001CB8AD /* Debug */ = {
			isa = XCBuildConfiguration;
			buildSettings = {
				ALWAYS_SEARCH_USER_PATHS = NO;
				CLANG_ANALYZER_NONNULL = YES;
				CLANG_ANALYZER_NUMBER_OBJECT_CONVERSION = YES_AGGRESSIVE;
				CLANG_CXX_LANGUAGE_STANDARD = "gnu++0x";
				CLANG_CXX_LIBRARY = "libc++";
				CLANG_ENABLE_MODULES = YES;
				CLANG_ENABLE_OBJC_ARC = YES;
				CLANG_WARN_BOOL_CONVERSION = YES;
				CLANG_WARN_CONSTANT_CONVERSION = YES;
				CLANG_WARN_DIRECT_OBJC_ISA_USAGE = YES_ERROR;
				CLANG_WARN_DOCUMENTATION_COMMENTS = YES;
				CLANG_WARN_EMPTY_BODY = YES;
				CLANG_WARN_ENUM_CONVERSION = YES;
				CLANG_WARN_INFINITE_RECURSION = YES;
				CLANG_WARN_INT_CONVERSION = YES;
				CLANG_WARN_OBJC_ROOT_CLASS = YES_ERROR;
				CLANG_WARN_SUSPICIOUS_MOVE = YES;
				CLANG_WARN_UNREACHABLE_CODE = YES;
				CLANG_WARN__DUPLICATE_METHOD_MATCH = YES;
				CODE_SIGN_IDENTITY = "-";
				COPY_PHASE_STRIP = NO;
				DEBUG_INFORMATION_FORMAT = dwarf;
				ENABLE_STRICT_OBJC_MSGSEND = YES;
				ENABLE_TESTABILITY = YES;
				GCC_C_LANGUAGE_STANDARD = gnu99;
				GCC_DYNAMIC_NO_PIC = NO;
				GCC_NO_COMMON_BLOCKS = YES;
				GCC_OPTIMIZATION_LEVEL = 0;
				GCC_PREPROCESSOR_DEFINITIONS = (
					"DEBUG=1",
					"$(inherited)",
				);
				GCC_WARN_64_TO_32_BIT_CONVERSION = YES;
				GCC_WARN_ABOUT_RETURN_TYPE = YES_ERROR;
				GCC_WARN_UNDECLARED_SELECTOR = YES;
				GCC_WARN_UNINITIALIZED_AUTOS = YES_AGGRESSIVE;
				GCC_WARN_UNUSED_FUNCTION = YES;
				GCC_WARN_UNUSED_VARIABLE = YES;
				MACOSX_DEPLOYMENT_TARGET = 10.12;
				MTL_ENABLE_DEBUG_INFO = YES;
				ONLY_ACTIVE_ARCH = YES;
				SDKROOT = macosx;
			};
			name = Debug;
		};
		0095C5D01F22F08E001CB8AD /* Release */ = {
			isa = XCBuildConfiguration;
			buildSettings = {
				ALWAYS_SEARCH_USER_PATHS = NO;
				CLANG_ANALYZER_NONNULL = YES;
				CLANG_ANALYZER_NUMBER_OBJECT_CONVERSION = YES_AGGRESSIVE;
				CLANG_CXX_LANGUAGE_STANDARD = "gnu++0x";
				CLANG_CXX_LIBRARY = "libc++";
				CLANG_ENABLE_MODULES = YES;
				CLANG_ENABLE_OBJC_ARC = YES;
				CLANG_WARN_BOOL_CONVERSION = YES;
				CLANG_WARN_CONSTANT_CONVERSION = YES;
				CLANG_WARN_DIRECT_OBJC_ISA_USAGE = YES_ERROR;
				CLANG_WARN_DOCUMENTATION_COMMENTS = YES;
				CLANG_WARN_EMPTY_BODY = YES;
				CLANG_WARN_ENUM_CONVERSION = YES;
				CLANG_WARN_INFINITE_RECURSION = YES;
				CLANG_WARN_INT_CONVERSION = YES;
				CLANG_WARN_OBJC_ROOT_CLASS = YES_ERROR;
				CLANG_WARN_SUSPICIOUS_MOVE = YES;
				CLANG_WARN_UNREACHABLE_CODE = YES;
				CLANG_WARN__DUPLICATE_METHOD_MATCH = YES;
				CODE_SIGN_IDENTITY = "-";
				COPY_PHASE_STRIP = NO;
				DEBUG_INFORMATION_FORMAT = "dwarf-with-dsym";
				ENABLE_NS_ASSERTIONS = NO;
				ENABLE_STRICT_OBJC_MSGSEND = YES;
				GCC_C_LANGUAGE_STANDARD = gnu99;
				GCC_NO_COMMON_BLOCKS = YES;
				GCC_WARN_64_TO_32_BIT_CONVERSION = YES;
				GCC_WARN_ABOUT_RETURN_TYPE = YES_ERROR;
				GCC_WARN_UNDECLARED_SELECTOR = YES;
				GCC_WARN_UNINITIALIZED_AUTOS = YES_AGGRESSIVE;
				GCC_WARN_UNUSED_FUNCTION = YES;
				GCC_WARN_UNUSED_VARIABLE = YES;
				MACOSX_DEPLOYMENT_TARGET = 10.12;
				MTL_ENABLE_DEBUG_INFO = NO;
				SDKROOT = macosx;
			};
			name = Release;
		};
		0095C5D21F22F08E001CB8AD /* Debug */ = {
			isa = XCBuildConfiguration;
			buildSettings = {
				ALWAYS_EMBED_SWIFT_STANDARD_LIBRARIES = YES;
				CLANG_ENABLE_MODULES = YES;
				COMBINE_HIDPI_IMAGES = YES;
				INFOPLIST_FILE = Silhouette/Info.plist;
				INSTALL_PATH = "$(HOME)/Library/Screen Savers";
				LD_RUNPATH_SEARCH_PATHS = "$(inherited) @executable_path/../Frameworks @loader_path/../Frameworks";
				PRODUCT_BUNDLE_IDENTIFIER = me.robertburns.macos.screensaver.Silhouette;
				PRODUCT_NAME = "$(TARGET_NAME)";
				SWIFT_OPTIMIZATION_LEVEL = "-Onone";
				SWIFT_VERSION = 3.0;
				WRAPPER_EXTENSION = saver;
			};
			name = Debug;
		};
		0095C5D31F22F08E001CB8AD /* Release */ = {
			isa = XCBuildConfiguration;
			buildSettings = {
				ALWAYS_EMBED_SWIFT_STANDARD_LIBRARIES = YES;
				CLANG_ENABLE_MODULES = YES;
				COMBINE_HIDPI_IMAGES = YES;
				INFOPLIST_FILE = Silhouette/Info.plist;
				INSTALL_PATH = "$(HOME)/Library/Screen Savers";
				LD_RUNPATH_SEARCH_PATHS = "$(inherited) @executable_path/../Frameworks @loader_path/../Frameworks";
				PRODUCT_BUNDLE_IDENTIFIER = me.robertburns.macos.screensaver.Silhouette;
				PRODUCT_NAME = "$(TARGET_NAME)";
				SWIFT_VERSION = 3.0;
				WRAPPER_EXTENSION = saver;
			};
			name = Release;
		};
		0095C5EE1F22F2B7001CB8AD /* Debug */ = {
			isa = XCBuildConfiguration;
			buildSettings = {
				ASSETCATALOG_COMPILER_APPICON_NAME = AppIcon;
				COMBINE_HIDPI_IMAGES = YES;
				INFOPLIST_FILE = Runner/Info.plist;
				LD_RUNPATH_SEARCH_PATHS = "$(inherited) @executable_path/../Frameworks";
				PRODUCT_BUNDLE_IDENTIFIER = me.robertburns.macos.screensaver.Runner;
				PRODUCT_NAME = "$(TARGET_NAME)";
				SWIFT_ACTIVE_COMPILATION_CONDITIONS = DEBUG;
				SWIFT_OPTIMIZATION_LEVEL = "-Onone";
				SWIFT_VERSION = 3.0;
			};
			name = Debug;
		};
		0095C5EF1F22F2B7001CB8AD /* Release */ = {
			isa = XCBuildConfiguration;
			buildSettings = {
				ASSETCATALOG_COMPILER_APPICON_NAME = AppIcon;
				COMBINE_HIDPI_IMAGES = YES;
				INFOPLIST_FILE = Runner/Info.plist;
				LD_RUNPATH_SEARCH_PATHS = "$(inherited) @executable_path/../Frameworks";
				PRODUCT_BUNDLE_IDENTIFIER = me.robertburns.macos.screensaver.Runner;
				PRODUCT_NAME = "$(TARGET_NAME)";
				SWIFT_OPTIMIZATION_LEVEL = "-Owholemodule";
				SWIFT_VERSION = 3.0;
			};
			name = Release;
		};
/* End XCBuildConfiguration section */

/* Begin XCConfigurationList section */
		0095C5C11F22F08E001CB8AD /* Build configuration list for PBXProject "Silhouette" */ = {
			isa = XCConfigurationList;
			buildConfigurations = (
				0095C5CF1F22F08E001CB8AD /* Debug */,
				0095C5D01F22F08E001CB8AD /* Release */,
			);
			defaultConfigurationIsVisible = 0;
			defaultConfigurationName = Release;
		};
		0095C5D11F22F08E001CB8AD /* Build configuration list for PBXNativeTarget "Silhouette" */ = {
			isa = XCConfigurationList;
			buildConfigurations = (
				0095C5D21F22F08E001CB8AD /* Debug */,
				0095C5D31F22F08E001CB8AD /* Release */,
			);
			defaultConfigurationIsVisible = 0;
			defaultConfigurationName = Release;
		};
		0095C5F01F22F2B7001CB8AD /* Build configuration list for PBXNativeTarget "Runner" */ = {
			isa = XCConfigurationList;
			buildConfigurations = (
				0095C5EE1F22F2B7001CB8AD /* Debug */,
				0095C5EF1F22F2B7001CB8AD /* Release */,
			);
			defaultConfigurationIsVisible = 0;
			defaultConfigurationName = Release;
		};
/* End XCConfigurationList section */
	};
	rootObject = 0095C5BE1F22F08E001CB8AD /* Project object */;
}
